
Microsoft Visual Studio Solution File, Format Version 12.00
# Visual Studio Version 17
VisualStudioVersion = 17.3.32922.545
MinimumVisualStudioVersion = 10.0.40219.1
Project("{FAE04EC0-301F-11D3-BF4B-00C04F79EFBC}") = "TaskManager", "TaskManager.csproj", "{DBDC9E2F-2368-437D-BBB3-D98319E87D02}"
EndProject
Global
	GlobalSection(SolutionConfigurationPlatforms) = preSolution
		Debug|Any CPU = Debug|Any CPU
		Release|Any CPU = Release|Any CPU
	EndGlobalSection
	GlobalSection(ProjectConfigurationPlatforms) = postSolution
		{DBDC9E2F-2368-437D-BBB3-D98319E87D02}.Debug|Any CPU.ActiveCfg = Debug|Any CPU
		{DBDC9E2F-2368-437D-BBB3-D98319E87D02}.Debug|Any CPU.Build.0 = Debug|Any CPU
		{DBDC9E2F-2368-437D-BBB3-D98319E87D02}.Release|Any CPU.ActiveCfg = Release|Any CPU
		{DBDC9E2F-2368-437D-BBB3-D98319E87D02}.Release|Any CPU.Build.0 = Release|Any CPU
	EndGlobalSection
	GlobalSection(SolutionProperties) = preSolution
		HideSolutionNode = FALSE
	EndGlobalSection
	GlobalSection(ExtensibilityGlobals) = postSolution
		SolutionGuid = {A771E800-D79B-443E-B66A-E01B5A8FF18D}
	EndGlobalSection
EndGlobal
